
Microsoft Visual Studio Solution File, Format Version 12.00
# Visual Studio Version 16
VisualStudioVersion = 16.0.31005.135
MinimumVisualStudioVersion = 10.0.40219.1
Project("{8BC9CEB8-8B4A-11D0-8D11-00A0C91BC942}") = "RTE_CW", "RTE_CW\RTE_CW.vcxproj", "{1466CADD-96E6-44FD-8A51-99B6A7084BAB}"
EndProject
Global
	GlobalSection(SolutionConfigurationPlatforms) = preSolution
		Debug|x64 = Debug|x64
		Debug|x86 = Debug|x86
		Release|x64 = Release|x64
		Release|x86 = Release|x86
	EndGlobalSection
	GlobalSection(ProjectConfigurationPlatforms) = postSolution
		{1466CADD-96E6-44FD-8A51-99B6A7084BAB}.Debug|x64.ActiveCfg = Debug|x64
		{1466CADD-96E6-44FD-8A51-99B6A7084BAB}.Debug|x64.Build.0 = Debug|x64
		{1466CADD-96E6-44FD-8A51-99B6A7084BAB}.Debug|x86.ActiveCfg = Debug|Win32
		{1466CADD-96E6-44FD-8A51-99B6A7084BAB}.Debug|x86.Build.0 = Debug|Win32
		{1466CADD-96E6-44FD-8A51-99B6A7084BAB}.Release|x64.ActiveCfg = Release|x64
		{1466CADD-96E6-44FD-8A51-99B6A7084BAB}.Release|x64.Build.0 = Release|x64
		{1466CADD-96E6-44FD-8A51-99B6A7084BAB}.Release|x86.ActiveCfg = Release|Win32
		{1466CADD-96E6-44FD-8A51-99B6A7084BAB}.Release|x86.Build.0 = Release|Win32
	EndGlobalSection
	GlobalSection(SolutionProperties) = preSolution
		HideSolutionNode = FALSE
	EndGlobalSection
	GlobalSection(ExtensibilityGlobals) = postSolution
		SolutionGuid = {FE0930FD-7284-41E0-8050-6AA231DEF377}
	EndGlobalSection
EndGlobal
